
Microsoft Visual Studio Solution File, Format Version 12.00
# Visual Studio Version 17
VisualStudioVersion = 17.0.32002.185
MinimumVisualStudioVersion = 10.0.40219.1
Project("{9A19103F-16F7-4668-BE54-9A1E7A4F7556}") = "DataAccess", "DataAccess\DataAccess.csproj", "{B88C9457-BA97-4D14-91C3-0BA8364AEA8C}"
EndProject
Project("{9A19103F-16F7-4668-BE54-9A1E7A4F7556}") = "Business", "Business\Business.csproj", "{82B68EA7-DB09-416B-9EF6-DC625B6BAAF9}"
EndProject
Project("{9A19103F-16F7-4668-BE54-9A1E7A4F7556}") = "Entities", "UI\Entities.csproj", "{506B017C-1CA6-4B5A-8043-D7ECCF316F6A}"
EndProject
Project("{9A19103F-16F7-4668-BE54-9A1E7A4F7556}") = "ConsoleUI", "ConsoleUI\ConsoleUI.csproj", "{D614960D-637A-4424-BEC9-44380E46E646}"
EndProject
Project("{9A19103F-16F7-4668-BE54-9A1E7A4F7556}") = "Core", "Core\Core.csproj", "{2045E633-5197-4C59-B486-FF7A8CD9B3BA}"
EndProject
Project("{9A19103F-16F7-4668-BE54-9A1E7A4F7556}") = "WebApplication1", "WebApplication1\WebApplication1.csproj", "{161AC856-D32B-434C-BB03-0D32CDA972F8}"
EndProject
Global
	GlobalSection(SolutionConfigurationPlatforms) = preSolution
		Debug|Any CPU = Debug|Any CPU
		Release|Any CPU = Release|Any CPU
	EndGlobalSection
	GlobalSection(ProjectConfigurationPlatforms) = postSolution
		{B88C9457-BA97-4D14-91C3-0BA8364AEA8C}.Debug|Any CPU.ActiveCfg = Debug|Any CPU
		{B88C9457-BA97-4D14-91C3-0BA8364AEA8C}.Debug|Any CPU.Build.0 = Debug|Any CPU
		{B88C9457-BA97-4D14-91C3-0BA8364AEA8C}.Release|Any CPU.ActiveCfg = Release|Any CPU
		{B88C9457-BA97-4D14-91C3-0BA8364AEA8C}.Release|Any CPU.Build.0 = Release|Any CPU
		{82B68EA7-DB09-416B-9EF6-DC625B6BAAF9}.Debug|Any CPU.ActiveCfg = Debug|Any CPU
		{82B68EA7-DB09-416B-9EF6-DC625B6BAAF9}.Debug|Any CPU.Build.0 = Debug|Any CPU
		{82B68EA7-DB09-416B-9EF6-DC625B6BAAF9}.Release|Any CPU.ActiveCfg = Release|Any CPU
		{82B68EA7-DB09-416B-9EF6-DC625B6BAAF9}.Release|Any CPU.Build.0 = Release|Any CPU
		{506B017C-1CA6-4B5A-8043-D7ECCF316F6A}.Debug|Any CPU.ActiveCfg = Debug|Any CPU
		{506B017C-1CA6-4B5A-8043-D7ECCF316F6A}.Debug|Any CPU.Build.0 = Debug|Any CPU
		{506B017C-1CA6-4B5A-8043-D7ECCF316F6A}.Release|Any CPU.ActiveCfg = Release|Any CPU
		{506B017C-1CA6-4B5A-8043-D7ECCF316F6A}.Release|Any CPU.Build.0 = Release|Any CPU
		{D614960D-637A-4424-BEC9-44380E46E646}.Debug|Any CPU.ActiveCfg = Debug|Any CPU
		{D614960D-637A-4424-BEC9-44380E46E646}.Debug|Any CPU.Build.0 = Debug|Any CPU
		{D614960D-637A-4424-BEC9-44380E46E646}.Release|Any CPU.ActiveCfg = Release|Any CPU
		{D614960D-637A-4424-BEC9-44380E46E646}.Release|Any CPU.Build.0 = Release|Any CPU
		{2045E633-5197-4C59-B486-FF7A8CD9B3BA}.Debug|Any CPU.ActiveCfg = Debug|Any CPU
		{2045E633-5197-4C59-B486-FF7A8CD9B3BA}.Debug|Any CPU.Build.0 = Debug|Any CPU
		{2045E633-5197-4C59-B486-FF7A8CD9B3BA}.Release|Any CPU.ActiveCfg = Release|Any CPU
		{2045E633-5197-4C59-B486-FF7A8CD9B3BA}.Release|Any CPU.Build.0 = Release|Any CPU
		{161AC856-D32B-434C-BB03-0D32CDA972F8}.Debug|Any CPU.ActiveCfg = Debug|Any CPU
		{161AC856-D32B-434C-BB03-0D32CDA972F8}.Debug|Any CPU.Build.0 = Debug|Any CPU
		{161AC856-D32B-434C-BB03-0D32CDA972F8}.Release|Any CPU.ActiveCfg = Release|Any CPU
		{161AC856-D32B-434C-BB03-0D32CDA972F8}.Release|Any CPU.Build.0 = Release|Any CPU
	EndGlobalSection
	GlobalSection(SolutionProperties) = preSolution
		HideSolutionNode = FALSE
	EndGlobalSection
	GlobalSection(ExtensibilityGlobals) = postSolution
		SolutionGuid = {7025809D-4407-4521-8734-02C6365FD4EF}
	EndGlobalSection
EndGlobal
